
Microsoft Visual Studio Solution File, Format Version 12.00
# Visual Studio 2015
Project("{FAE04EC0-301F-11D3-BF4B-00C04F79EFBC}") = "세균디펜스.Plugins", "세균디펜스.Plugins.csproj", "{F07C5F55-21B5-1A46-CD26-99E67E2BF66F}"
EndProject
Project("{FAE04EC0-301F-11D3-BF4B-00C04F79EFBC}") = "세균디펜스", "세균디펜스.csproj", "{F17CB819-739A-6222-23A3-F46C674A84CA}"
EndProject
Global
	GlobalSection(SolutionConfigurationPlatforms) = preSolution
		Debug|Any CPU = Debug|Any CPU
		Release|Any CPU = Release|Any CPU
	EndGlobalSection
	GlobalSection(ProjectConfigurationPlatforms) = postSolution
		{F07C5F55-21B5-1A46-CD26-99E67E2BF66F}.Debug|Any CPU.ActiveCfg = Debug|Any CPU
		{F07C5F55-21B5-1A46-CD26-99E67E2BF66F}.Debug|Any CPU.Build.0 = Debug|Any CPU
		{F07C5F55-21B5-1A46-CD26-99E67E2BF66F}.Release|Any CPU.ActiveCfg = Release|Any CPU
		{F07C5F55-21B5-1A46-CD26-99E67E2BF66F}.Release|Any CPU.Build.0 = Release|Any CPU
		{F17CB819-739A-6222-23A3-F46C674A84CA}.Debug|Any CPU.ActiveCfg = Debug|Any CPU
		{F17CB819-739A-6222-23A3-F46C674A84CA}.Debug|Any CPU.Build.0 = Debug|Any CPU
		{F17CB819-739A-6222-23A3-F46C674A84CA}.Release|Any CPU.ActiveCfg = Release|Any CPU
		{F17CB819-739A-6222-23A3-F46C674A84CA}.Release|Any CPU.Build.0 = Release|Any CPU
	EndGlobalSection
	GlobalSection(SolutionProperties) = preSolution
		HideSolutionNode = FALSE
	EndGlobalSection
EndGlobal
